
Microsoft Visual Studio Solution File, Format Version 12.00
# Visual Studio Version 17
VisualStudioVersion = 17.6.33815.320
MinimumVisualStudioVersion = 10.0.40219.1
Project("{9A19103F-16F7-4668-BE54-9A1E7A4F7556}") = "FetchTutorial", "FetchTutorial\FetchTutorial.csproj", "{2EEE4F50-77EE-4A78-8393-8CC541E9D2FC}"
EndProject
Global
	GlobalSection(SolutionConfigurationPlatforms) = preSolution
		Debug|Any CPU = Debug|Any CPU
		Release|Any CPU = Release|Any CPU
	EndGlobalSection
	GlobalSection(ProjectConfigurationPlatforms) = postSolution
		{2EEE4F50-77EE-4A78-8393-8CC541E9D2FC}.Debug|Any CPU.ActiveCfg = Debug|Any CPU
		{2EEE4F50-77EE-4A78-8393-8CC541E9D2FC}.Debug|Any CPU.Build.0 = Debug|Any CPU
		{2EEE4F50-77EE-4A78-8393-8CC541E9D2FC}.Release|Any CPU.ActiveCfg = Release|Any CPU
		{2EEE4F50-77EE-4A78-8393-8CC541E9D2FC}.Release|Any CPU.Build.0 = Release|Any CPU
	EndGlobalSection
	GlobalSection(SolutionProperties) = preSolution
		HideSolutionNode = FALSE
	EndGlobalSection
	GlobalSection(ExtensibilityGlobals) = postSolution
		SolutionGuid = {CCF60B91-3518-4CC2-A528-61868E029994}
	EndGlobalSection
EndGlobal
